// !$*UTF8*$!
{
	archiveVersion = 1;
	classes = {
	};
	objectVersion = 51;
	objects = {

/* Begin PBXBuildFile section */
		691C687987AEB896B4688415 /* Pods_ToyRxGithubJobs_ToyRxGithubJobsUITests.framework in Frameworks */ = {isa = PBXBuildFile; fileRef = 6D5256DC5EC6B11324551D5D /* Pods_ToyRxGithubJobs_ToyRxGithubJobsUITests.framework */; };
		9C523E002543DC81005D2095 /* AppDelegate.swift in Sources */ = {isa = PBXBuildFile; fileRef = 9C523DFF2543DC81005D2095 /* AppDelegate.swift */; };
		9C523E022543DC81005D2095 /* SceneDelegate.swift in Sources */ = {isa = PBXBuildFile; fileRef = 9C523E012543DC81005D2095 /* SceneDelegate.swift */; };
		9C523E042543DC81005D2095 /* ViewController.swift in Sources */ = {isa = PBXBuildFile; fileRef = 9C523E032543DC81005D2095 /* ViewController.swift */; };
		9C523E072543DC81005D2095 /* Main.storyboard in Resources */ = {isa = PBXBuildFile; fileRef = 9C523E052543DC81005D2095 /* Main.storyboard */; };
		9C523E092543DC84005D2095 /* Assets.xcassets in Resources */ = {isa = PBXBuildFile; fileRef = 9C523E082543DC84005D2095 /* Assets.xcassets */; };
		9C523E0C2543DC84005D2095 /* LaunchScreen.storyboard in Resources */ = {isa = PBXBuildFile; fileRef = 9C523E0A2543DC84005D2095 /* LaunchScreen.storyboard */; };
		9C523E172543DC84005D2095 /* ToyRxGithubJobsTests.swift in Sources */ = {isa = PBXBuildFile; fileRef = 9C523E162543DC84005D2095 /* ToyRxGithubJobsTests.swift */; };
		9C523E222543DC84005D2095 /* ToyRxGithubJobsUITests.swift in Sources */ = {isa = PBXBuildFile; fileRef = 9C523E212543DC84005D2095 /* ToyRxGithubJobsUITests.swift */; };
		9C523E6325447DC3005D2095 /* API.swift in Sources */ = {isa = PBXBuildFile; fileRef = 9C523E6225447DC3005D2095 /* API.swift */; };
		9C523E6825447F0C005D2095 /* Job.swift in Sources */ = {isa = PBXBuildFile; fileRef = 9C523E6725447F0C005D2095 /* Job.swift */; };
		A3AC9048FD30ED17A9F264EC /* Pods_ToyRxGithubJobsTests.framework in Frameworks */ = {isa = PBXBuildFile; fileRef = 517C445A7058F1975219D1A9 /* Pods_ToyRxGithubJobsTests.framework */; };
		A4C8CF4266166CD6609A03E5 /* Pods_ToyRxGithubJobs.framework in Frameworks */ = {isa = PBXBuildFile; fileRef = 6126014DA83796B9A2864A85 /* Pods_ToyRxGithubJobs.framework */; };
/* End PBXBuildFile section */

/* Begin PBXContainerItemProxy section */
		9C523E132543DC84005D2095 /* PBXContainerItemProxy */ = {
			isa = PBXContainerItemProxy;
			containerPortal = 9C523DF42543DC81005D2095 /* Project object */;
			proxyType = 1;
			remoteGlobalIDString = 9C523DFB2543DC81005D2095;
			remoteInfo = ToyRxGithubJobs;
		};
		9C523E1E2543DC84005D2095 /* PBXContainerItemProxy */ = {
			isa = PBXContainerItemProxy;
			containerPortal = 9C523DF42543DC81005D2095 /* Project object */;
			proxyType = 1;
			remoteGlobalIDString = 9C523DFB2543DC81005D2095;
			remoteInfo = ToyRxGithubJobs;
		};
/* End PBXContainerItemProxy section */

/* Begin PBXFileReference section */
		01FD174F33EFCDC1E2816CE5 /* Pods-ToyRxGithubJobsTests.release.xcconfig */ = {isa = PBXFileReference; includeInIndex = 1; lastKnownFileType = text.xcconfig; name = "Pods-ToyRxGithubJobsTests.release.xcconfig"; path = "Target Support Files/Pods-ToyRxGithubJobsTests/Pods-ToyRxGithubJobsTests.release.xcconfig"; sourceTree = "<group>"; };
		14278BE16DFA3C2D7C70548E /* Pods-ToyRxGithubJobs-ToyRxGithubJobsUITests.release.xcconfig */ = {isa = PBXFileReference; includeInIndex = 1; lastKnownFileType = text.xcconfig; name = "Pods-ToyRxGithubJobs-ToyRxGithubJobsUITests.release.xcconfig"; path = "Target Support Files/Pods-ToyRxGithubJobs-ToyRxGithubJobsUITests/Pods-ToyRxGithubJobs-ToyRxGithubJobsUITests.release.xcconfig"; sourceTree = "<group>"; };
		517C445A7058F1975219D1A9 /* Pods_ToyRxGithubJobsTests.framework */ = {isa = PBXFileReference; explicitFileType = wrapper.framework; includeInIndex = 0; path = Pods_ToyRxGithubJobsTests.framework; sourceTree = BUILT_PRODUCTS_DIR; };
		6126014DA83796B9A2864A85 /* Pods_ToyRxGithubJobs.framework */ = {isa = PBXFileReference; explicitFileType = wrapper.framework; includeInIndex = 0; path = Pods_ToyRxGithubJobs.framework; sourceTree = BUILT_PRODUCTS_DIR; };
		6D5256DC5EC6B11324551D5D /* Pods_ToyRxGithubJobs_ToyRxGithubJobsUITests.framework */ = {isa = PBXFileReference; explicitFileType = wrapper.framework; includeInIndex = 0; path = Pods_ToyRxGithubJobs_ToyRxGithubJobsUITests.framework; sourceTree = BUILT_PRODUCTS_DIR; };
		84F99045B5C57CCFA4534534 /* Pods-ToyRxGithubJobsTests.debug.xcconfig */ = {isa = PBXFileReference; includeInIndex = 1; lastKnownFileType = text.xcconfig; name = "Pods-ToyRxGithubJobsTests.debug.xcconfig"; path = "Target Support Files/Pods-ToyRxGithubJobsTests/Pods-ToyRxGithubJobsTests.debug.xcconfig"; sourceTree = "<group>"; };
		9C523DFC2543DC81005D2095 /* ToyRxGithubJobs.app */ = {isa = PBXFileReference; explicitFileType = wrapper.application; includeInIndex = 0; path = ToyRxGithubJobs.app; sourceTree = BUILT_PRODUCTS_DIR; };
		9C523DFF2543DC81005D2095 /* AppDelegate.swift */ = {isa = PBXFileReference; lastKnownFileType = sourcecode.swift; path = AppDelegate.swift; sourceTree = "<group>"; };
		9C523E012543DC81005D2095 /* SceneDelegate.swift */ = {isa = PBXFileReference; lastKnownFileType = sourcecode.swift; path = SceneDelegate.swift; sourceTree = "<group>"; };
		9C523E032543DC81005D2095 /* ViewController.swift */ = {isa = PBXFileReference; lastKnownFileType = sourcecode.swift; path = ViewController.swift; sourceTree = "<group>"; };
		9C523E062543DC81005D2095 /* Base */ = {isa = PBXFileReference; lastKnownFileType = file.storyboard; name = Base; path = Base.lproj/Main.storyboard; sourceTree = "<group>"; };
		9C523E082543DC84005D2095 /* Assets.xcassets */ = {isa = PBXFileReference; lastKnownFileType = folder.assetcatalog; path = Assets.xcassets; sourceTree = "<group>"; };
		9C523E0B2543DC84005D2095 /* Base */ = {isa = PBXFileReference; lastKnownFileType = file.storyboard; name = Base; path = Base.lproj/LaunchScreen.storyboard; sourceTree = "<group>"; };
		9C523E0D2543DC84005D2095 /* Info.plist */ = {isa = PBXFileReference; lastKnownFileType = text.plist.xml; path = Info.plist; sourceTree = "<group>"; };
		9C523E122543DC84005D2095 /* ToyRxGithubJobsTests.xctest */ = {isa = PBXFileReference; explicitFileType = wrapper.cfbundle; includeInIndex = 0; path = ToyRxGithubJobsTests.xctest; sourceTree = BUILT_PRODUCTS_DIR; };
		9C523E162543DC84005D2095 /* ToyRxGithubJobsTests.swift */ = {isa = PBXFileReference; lastKnownFileType = sourcecode.swift; path = ToyRxGithubJobsTests.swift; sourceTree = "<group>"; };
		9C523E182543DC84005D2095 /* Info.plist */ = {isa = PBXFileReference; lastKnownFileType = text.plist.xml; path = Info.plist; sourceTree = "<group>"; };
		9C523E1D2543DC84005D2095 /* ToyRxGithubJobsUITests.xctest */ = {isa = PBXFileReference; explicitFileType = wrapper.cfbundle; includeInIndex = 0; path = ToyRxGithubJobsUITests.xctest; sourceTree = BUILT_PRODUCTS_DIR; };
		9C523E212543DC84005D2095 /* ToyRxGithubJobsUITests.swift */ = {isa = PBXFileReference; lastKnownFileType = sourcecode.swift; path = ToyRxGithubJobsUITests.swift; sourceTree = "<group>"; };
		9C523E232543DC84005D2095 /* Info.plist */ = {isa = PBXFileReference; lastKnownFileType = text.plist.xml; path = Info.plist; sourceTree = "<group>"; };
		9C523E6225447DC3005D2095 /* API.swift */ = {isa = PBXFileReference; lastKnownFileType = sourcecode.swift; path = API.swift; sourceTree = "<group>"; };
		9C523E6725447F0C005D2095 /* Job.swift */ = {isa = PBXFileReference; lastKnownFileType = sourcecode.swift; path = Job.swift; sourceTree = "<group>"; };
		A67F851531B4C8B6BEFE94C6 /* Pods-ToyRxGithubJobs-ToyRxGithubJobsUITests.debug.xcconfig */ = {isa = PBXFileReference; includeInIndex = 1; lastKnownFileType = text.xcconfig; name = "Pods-ToyRxGithubJobs-ToyRxGithubJobsUITests.debug.xcconfig"; path = "Target Support Files/Pods-ToyRxGithubJobs-ToyRxGithubJobsUITests/Pods-ToyRxGithubJobs-ToyRxGithubJobsUITests.debug.xcconfig"; sourceTree = "<group>"; };
		A8240FE0287D22939FD450BA /* Pods-ToyRxGithubJobs.release.xcconfig */ = {isa = PBXFileReference; includeInIndex = 1; lastKnownFileType = text.xcconfig; name = "Pods-ToyRxGithubJobs.release.xcconfig"; path = "Target Support Files/Pods-ToyRxGithubJobs/Pods-ToyRxGithubJobs.release.xcconfig"; sourceTree = "<group>"; };
		C0B95FC80CF9EA6B61DA224A /* Pods-ToyRxGithubJobs.debug.xcconfig */ = {isa = PBXFileReference; includeInIndex = 1; lastKnownFileType = text.xcconfig; name = "Pods-ToyRxGithubJobs.debug.xcconfig"; path = "Target Support Files/Pods-ToyRxGithubJobs/Pods-ToyRxGithubJobs.debug.xcconfig"; sourceTree = "<group>"; };
/* End PBXFileReference section */

/* Begin PBXFrameworksBuildPhase section */
		9C523DF92543DC81005D2095 /* Frameworks */ = {
			isa = PBXFrameworksBuildPhase;
			buildActionMask = 2147483647;
			files = (
				A4C8CF4266166CD6609A03E5 /* Pods_ToyRxGithubJobs.framework in Frameworks */,
			);
			runOnlyForDeploymentPostprocessing = 0;
		};
		9C523E0F2543DC84005D2095 /* Frameworks */ = {
			isa = PBXFrameworksBuildPhase;
			buildActionMask = 2147483647;
			files = (
				A3AC9048FD30ED17A9F264EC /* Pods_ToyRxGithubJobsTests.framework in Frameworks */,
			);
			runOnlyForDeploymentPostprocessing = 0;
		};
		9C523E1A2543DC84005D2095 /* Frameworks */ = {
			isa = PBXFrameworksBuildPhase;
			buildActionMask = 2147483647;
			files = (
				691C687987AEB896B4688415 /* Pods_ToyRxGithubJobs_ToyRxGithubJobsUITests.framework in Frameworks */,
			);
			runOnlyForDeploymentPostprocessing = 0;
		};
/* End PBXFrameworksBuildPhase section */

/* Begin PBXGroup section */
		2805A72B3EF82D5D6EC3F918 /* Frameworks */ = {
			isa = PBXGroup;
			children = (
				6126014DA83796B9A2864A85 /* Pods_ToyRxGithubJobs.framework */,
				6D5256DC5EC6B11324551D5D /* Pods_ToyRxGithubJobs_ToyRxGithubJobsUITests.framework */,
				517C445A7058F1975219D1A9 /* Pods_ToyRxGithubJobsTests.framework */,
			);
			name = Frameworks;
			sourceTree = "<group>";
		};
		9C523DF32543DC81005D2095 = {
			isa = PBXGroup;
			children = (
				9C523DFE2543DC81005D2095 /* ToyRxGithubJobs */,
				9C523E152543DC84005D2095 /* ToyRxGithubJobsTests */,
				9C523E202543DC84005D2095 /* ToyRxGithubJobsUITests */,
				9C523DFD2543DC81005D2095 /* Products */,
				ECC0869D763E3B1281BB34DE /* Pods */,
				2805A72B3EF82D5D6EC3F918 /* Frameworks */,
			);
			sourceTree = "<group>";
		};
		9C523DFD2543DC81005D2095 /* Products */ = {
			isa = PBXGroup;
			children = (
				9C523DFC2543DC81005D2095 /* ToyRxGithubJobs.app */,
				9C523E122543DC84005D2095 /* ToyRxGithubJobsTests.xctest */,
				9C523E1D2543DC84005D2095 /* ToyRxGithubJobsUITests.xctest */,
			);
			name = Products;
			sourceTree = "<group>";
		};
		9C523DFE2543DC81005D2095 /* ToyRxGithubJobs */ = {
			isa = PBXGroup;
			children = (
				9C523E7325448491005D2095 /* Cells */,
				9C523DFF2543DC81005D2095 /* AppDelegate.swift */,
				9C523E012543DC81005D2095 /* SceneDelegate.swift */,
				9C523E032543DC81005D2095 /* ViewController.swift */,
				9C523E6725447F0C005D2095 /* Job.swift */,
				9C523E6225447DC3005D2095 /* API.swift */,
				9C523E052543DC81005D2095 /* Main.storyboard */,
				9C523E082543DC84005D2095 /* Assets.xcassets */,
				9C523E0A2543DC84005D2095 /* LaunchScreen.storyboard */,
				9C523E0D2543DC84005D2095 /* Info.plist */,
			);
			path = ToyRxGithubJobs;
			sourceTree = "<group>";
		};
		9C523E152543DC84005D2095 /* ToyRxGithubJobsTests */ = {
			isa = PBXGroup;
			children = (
				9C523E162543DC84005D2095 /* ToyRxGithubJobsTests.swift */,
				9C523E182543DC84005D2095 /* Info.plist */,
			);
			path = ToyRxGithubJobsTests;
			sourceTree = "<group>";
		};
		9C523E202543DC84005D2095 /* ToyRxGithubJobsUITests */ = {
			isa = PBXGroup;
			children = (
				9C523E212543DC84005D2095 /* ToyRxGithubJobsUITests.swift */,
				9C523E232543DC84005D2095 /* Info.plist */,
			);
			path = ToyRxGithubJobsUITests;
			sourceTree = "<group>";
		};
		9C523E7325448491005D2095 /* Cells */ = {
			isa = PBXGroup;
			children = (
			);
			path = Cells;
			sourceTree = "<group>";
		};
		ECC0869D763E3B1281BB34DE /* Pods */ = {
			isa = PBXGroup;
			children = (
				C0B95FC80CF9EA6B61DA224A /* Pods-ToyRxGithubJobs.debug.xcconfig */,
				A8240FE0287D22939FD450BA /* Pods-ToyRxGithubJobs.release.xcconfig */,
				A67F851531B4C8B6BEFE94C6 /* Pods-ToyRxGithubJobs-ToyRxGithubJobsUITests.debug.xcconfig */,
				14278BE16DFA3C2D7C70548E /* Pods-ToyRxGithubJobs-ToyRxGithubJobsUITests.release.xcconfig */,
				84F99045B5C57CCFA4534534 /* Pods-ToyRxGithubJobsTests.debug.xcconfig */,
				01FD174F33EFCDC1E2816CE5 /* Pods-ToyRxGithubJobsTests.release.xcconfig */,
			);
			path = Pods;
			sourceTree = "<group>";
		};
/* End PBXGroup section */

/* Begin PBXNativeTarget section */
		9C523DFB2543DC81005D2095 /* ToyRxGithubJobs */ = {
			isa = PBXNativeTarget;
			buildConfigurationList = 9C523E262543DC84005D2095 /* Build configuration list for PBXNativeTarget "ToyRxGithubJobs" */;
			buildPhases = (
				F30902621043569D5EE67677 /* [CP] Check Pods Manifest.lock */,
				9C523DF82543DC81005D2095 /* Sources */,
				9C523DF92543DC81005D2095 /* Frameworks */,
				9C523DFA2543DC81005D2095 /* Resources */,
				5387AF8D0ECF45474142E4C3 /* [CP] Embed Pods Frameworks */,
			);
			buildRules = (
			);
			dependencies = (
			);
			name = ToyRxGithubJobs;
			productName = ToyRxGithubJobs;
			productReference = 9C523DFC2543DC81005D2095 /* ToyRxGithubJobs.app */;
			productType = "com.apple.product-type.application";
		};
		9C523E112543DC84005D2095 /* ToyRxGithubJobsTests */ = {
			isa = PBXNativeTarget;
			buildConfigurationList = 9C523E292543DC84005D2095 /* Build configuration list for PBXNativeTarget "ToyRxGithubJobsTests" */;
			buildPhases = (
				98A9F2630F76DAC85CDA17D1 /* [CP] Check Pods Manifest.lock */,
				9C523E0E2543DC84005D2095 /* Sources */,
				9C523E0F2543DC84005D2095 /* Frameworks */,
				9C523E102543DC84005D2095 /* Resources */,
			);
			buildRules = (
			);
			dependencies = (
				9C523E142543DC84005D2095 /* PBXTargetDependency */,
			);
			name = ToyRxGithubJobsTests;
			productName = ToyRxGithubJobsTests;
			productReference = 9C523E122543DC84005D2095 /* ToyRxGithubJobsTests.xctest */;
			productType = "com.apple.product-type.bundle.unit-test";
		};
		9C523E1C2543DC84005D2095 /* ToyRxGithubJobsUITests */ = {
			isa = PBXNativeTarget;
			buildConfigurationList = 9C523E2C2543DC84005D2095 /* Build configuration list for PBXNativeTarget "ToyRxGithubJobsUITests" */;
			buildPhases = (
				5C1D32680C64492B2B45EF4D /* [CP] Check Pods Manifest.lock */,
				9C523E192543DC84005D2095 /* Sources */,
				9C523E1A2543DC84005D2095 /* Frameworks */,
				9C523E1B2543DC84005D2095 /* Resources */,
				287C3ACD63BB6242F88EF0CE /* [CP] Embed Pods Frameworks */,
			);
			buildRules = (
			);
			dependencies = (
				9C523E1F2543DC84005D2095 /* PBXTargetDependency */,
			);
			name = ToyRxGithubJobsUITests;
			productName = ToyRxGithubJobsUITests;
			productReference = 9C523E1D2543DC84005D2095 /* ToyRxGithubJobsUITests.xctest */;
			productType = "com.apple.product-type.bundle.ui-testing";
		};
/* End PBXNativeTarget section */

/* Begin PBXProject section */
		9C523DF42543DC81005D2095 /* Project object */ = {
			isa = PBXProject;
			attributes = {
				LastSwiftUpdateCheck = 1200;
				LastUpgradeCheck = 1200;
				TargetAttributes = {
					9C523DFB2543DC81005D2095 = {
						CreatedOnToolsVersion = 12.0.1;
					};
					9C523E112543DC84005D2095 = {
						CreatedOnToolsVersion = 12.0.1;
						TestTargetID = 9C523DFB2543DC81005D2095;
					};
					9C523E1C2543DC84005D2095 = {
						CreatedOnToolsVersion = 12.0.1;
						TestTargetID = 9C523DFB2543DC81005D2095;
					};
				};
			};
			buildConfigurationList = 9C523DF72543DC81005D2095 /* Build configuration list for PBXProject "ToyRxGithubJobs" */;
			compatibilityVersion = "Xcode 9.3";
			developmentRegion = en;
			hasScannedForEncodings = 0;
			knownRegions = (
				en,
				Base,
			);
			mainGroup = 9C523DF32543DC81005D2095;
			productRefGroup = 9C523DFD2543DC81005D2095 /* Products */;
			projectDirPath = "";
			projectRoot = "";
			targets = (
				9C523DFB2543DC81005D2095 /* ToyRxGithubJobs */,
				9C523E112543DC84005D2095 /* ToyRxGithubJobsTests */,
				9C523E1C2543DC84005D2095 /* ToyRxGithubJobsUITests */,
			);
		};
/* End PBXProject section */

/* Begin PBXResourcesBuildPhase section */
		9C523DFA2543DC81005D2095 /* Resources */ = {
			isa = PBXResourcesBuildPhase;
			buildActionMask = 2147483647;
			files = (
				9C523E0C2543DC84005D2095 /* LaunchScreen.storyboard in Resources */,
				9C523E092543DC84005D2095 /* Assets.xcassets in Resources */,
				9C523E072543DC81005D2095 /* Main.storyboard in Resources */,
			);
			runOnlyForDeploymentPostprocessing = 0;
		};
		9C523E102543DC84005D2095 /* Resources */ = {
			isa = PBXResourcesBuildPhase;
			buildActionMask = 2147483647;
			files = (
			);
			runOnlyForDeploymentPostprocessing = 0;
		};
		9C523E1B2543DC84005D2095 /* Resources */ = {
			isa = PBXResourcesBuildPhase;
			buildActionMask = 2147483647;
			files = (
			);
			runOnlyForDeploymentPostprocessing = 0;
		};
/* End PBXResourcesBuildPhase section */

/* Begin PBXShellScriptBuildPhase section */
		287C3ACD63BB6242F88EF0CE /* [CP] Embed Pods Frameworks */ = {
			isa = PBXShellScriptBuildPhase;
			buildActionMask = 2147483647;
			files = (
			);
			inputFileListPaths = (
				"${PODS_ROOT}/Target Support Files/Pods-ToyRxGithubJobs-ToyRxGithubJobsUITests/Pods-ToyRxGithubJobs-ToyRxGithubJobsUITests-frameworks-${CONFIGURATION}-input-files.xcfilelist",
			);
			name = "[CP] Embed Pods Frameworks";
			outputFileListPaths = (
				"${PODS_ROOT}/Target Support Files/Pods-ToyRxGithubJobs-ToyRxGithubJobsUITests/Pods-ToyRxGithubJobs-ToyRxGithubJobsUITests-frameworks-${CONFIGURATION}-output-files.xcfilelist",
			);
			runOnlyForDeploymentPostprocessing = 0;
			shellPath = /bin/sh;
			shellScript = "\"${PODS_ROOT}/Target Support Files/Pods-ToyRxGithubJobs-ToyRxGithubJobsUITests/Pods-ToyRxGithubJobs-ToyRxGithubJobsUITests-frameworks.sh\"\n";
			showEnvVarsInLog = 0;
		};
		5387AF8D0ECF45474142E4C3 /* [CP] Embed Pods Frameworks */ = {
			isa = PBXShellScriptBuildPhase;
			buildActionMask = 2147483647;
			files = (
			);
			inputFileListPaths = (
				"${PODS_ROOT}/Target Support Files/Pods-ToyRxGithubJobs/Pods-ToyRxGithubJobs-frameworks-${CONFIGURATION}-input-files.xcfilelist",
			);
			name = "[CP] Embed Pods Frameworks";
			outputFileListPaths = (
				"${PODS_ROOT}/Target Support Files/Pods-ToyRxGithubJobs/Pods-ToyRxGithubJobs-frameworks-${CONFIGURATION}-output-files.xcfilelist",
			);
			runOnlyForDeploymentPostprocessing = 0;
			shellPath = /bin/sh;
			shellScript = "\"${PODS_ROOT}/Target Support Files/Pods-ToyRxGithubJobs/Pods-ToyRxGithubJobs-frameworks.sh\"\n";
			showEnvVarsInLog = 0;
		};
		5C1D32680C64492B2B45EF4D /* [CP] Check Pods Manifest.lock */ = {
			isa = PBXShellScriptBuildPhase;
			buildActionMask = 2147483647;
			files = (
			);
			inputFileListPaths = (
			);
			inputPaths = (
				"${PODS_PODFILE_DIR_PATH}/Podfile.lock",
				"${PODS_ROOT}/Manifest.lock",
			);
			name = "[CP] Check Pods Manifest.lock";
			outputFileListPaths = (
			);
			outputPaths = (
				"$(DERIVED_FILE_DIR)/Pods-ToyRxGithubJobs-ToyRxGithubJobsUITests-checkManifestLockResult.txt",
			);
			runOnlyForDeploymentPostprocessing = 0;
			shellPath = /bin/sh;
			shellScript = "diff \"${PODS_PODFILE_DIR_PATH}/Podfile.lock\" \"${PODS_ROOT}/Manifest.lock\" > /dev/null\nif [ $? != 0 ] ; then\n    # print error to STDERR\n    echo \"error: The sandbox is not in sync with the Podfile.lock. Run 'pod install' or update your CocoaPods installation.\" >&2\n    exit 1\nfi\n# This output is used by Xcode 'outputs' to avoid re-running this script phase.\necho \"SUCCESS\" > \"${SCRIPT_OUTPUT_FILE_0}\"\n";
			showEnvVarsInLog = 0;
		};
		98A9F2630F76DAC85CDA17D1 /* [CP] Check Pods Manifest.lock */ = {
			isa = PBXShellScriptBuildPhase;
			buildActionMask = 2147483647;
			files = (
			);
			inputFileListPaths = (
			);
			inputPaths = (
				"${PODS_PODFILE_DIR_PATH}/Podfile.lock",
				"${PODS_ROOT}/Manifest.lock",
			);
			name = "[CP] Check Pods Manifest.lock";
			outputFileListPaths = (
			);
			outputPaths = (
				"$(DERIVED_FILE_DIR)/Pods-ToyRxGithubJobsTests-checkManifestLockResult.txt",
			);
			runOnlyForDeploymentPostprocessing = 0;
			shellPath = /bin/sh;
			shellScript = "diff \"${PODS_PODFILE_DIR_PATH}/Podfile.lock\" \"${PODS_ROOT}/Manifest.lock\" > /dev/null\nif [ $? != 0 ] ; then\n    # print error to STDERR\n    echo \"error: The sandbox is not in sync with the Podfile.lock. Run 'pod install' or update your CocoaPods installation.\" >&2\n    exit 1\nfi\n# This output is used by Xcode 'outputs' to avoid re-running this script phase.\necho \"SUCCESS\" > \"${SCRIPT_OUTPUT_FILE_0}\"\n";
			showEnvVarsInLog = 0;
		};
		F30902621043569D5EE67677 /* [CP] Check Pods Manifest.lock */ = {
			isa = PBXShellScriptBuildPhase;
			buildActionMask = 2147483647;
			files = (
			);
			inputFileListPaths = (
			);
			inputPaths = (
				"${PODS_PODFILE_DIR_PATH}/Podfile.lock",
				"${PODS_ROOT}/Manifest.lock",
			);
			name = "[CP] Check Pods Manifest.lock";
			outputFileListPaths = (
			);
			outputPaths = (
				"$(DERIVED_FILE_DIR)/Pods-ToyRxGithubJobs-checkManifestLockResult.txt",
			);
			runOnlyForDeploymentPostprocessing = 0;
			shellPath = /bin/sh;
			shellScript = "diff \"${PODS_PODFILE_DIR_PATH}/Podfile.lock\" \"${PODS_ROOT}/Manifest.lock\" > /dev/null\nif [ $? != 0 ] ; then\n    # print error to STDERR\n    echo \"error: The sandbox is not in sync with the Podfile.lock. Run 'pod install' or update your CocoaPods installation.\" >&2\n    exit 1\nfi\n# This output is used by Xcode 'outputs' to avoid re-running this script phase.\necho \"SUCCESS\" > \"${SCRIPT_OUTPUT_FILE_0}\"\n";
			showEnvVarsInLog = 0;
		};
/* End PBXShellScriptBuildPhase section */

/* Begin PBXSourcesBuildPhase section */
		9C523DF82543DC81005D2095 /* Sources */ = {
			isa = PBXSourcesBuildPhase;
			buildActionMask = 2147483647;
			files = (
				9C523E042543DC81005D2095 /* ViewController.swift in Sources */,
				9C523E002543DC81005D2095 /* AppDelegate.swift in Sources */,
				9C523E6325447DC3005D2095 /* API.swift in Sources */,
				9C523E022543DC81005D2095 /* SceneDelegate.swift in Sources */,
				9C523E6825447F0C005D2095 /* Job.swift in Sources */,
			);
			runOnlyForDeploymentPostprocessing = 0;
		};
		9C523E0E2543DC84005D2095 /* Sources */ = {
			isa = PBXSourcesBuildPhase;
			buildActionMask = 2147483647;
			files = (
				9C523E172543DC84005D2095 /* ToyRxGithubJobsTests.swift in Sources */,
			);
			runOnlyForDeploymentPostprocessing = 0;
		};
		9C523E192543DC84005D2095 /* Sources */ = {
			isa = PBXSourcesBuildPhase;
			buildActionMask = 2147483647;
			files = (
				9C523E222543DC84005D2095 /* ToyRxGithubJobsUITests.swift in Sources */,
			);
			runOnlyForDeploymentPostprocessing = 0;
		};
/* End PBXSourcesBuildPhase section */

/* Begin PBXTargetDependency section */
		9C523E142543DC84005D2095 /* PBXTargetDependency */ = {
			isa = PBXTargetDependency;
			target = 9C523DFB2543DC81005D2095 /* ToyRxGithubJobs */;
			targetProxy = 9C523E132543DC84005D2095 /* PBXContainerItemProxy */;
		};
		9C523E1F2543DC84005D2095 /* PBXTargetDependency */ = {
			isa = PBXTargetDependency;
			target = 9C523DFB2543DC81005D2095 /* ToyRxGithubJobs */;
			targetProxy = 9C523E1E2543DC84005D2095 /* PBXContainerItemProxy */;
		};
/* End PBXTargetDependency section */

/* Begin PBXVariantGroup section */
		9C523E052543DC81005D2095 /* Main.storyboard */ = {
			isa = PBXVariantGroup;
			children = (
				9C523E062543DC81005D2095 /* Base */,
			);
			name = Main.storyboard;
			sourceTree = "<group>";
		};
		9C523E0A2543DC84005D2095 /* LaunchScreen.storyboard */ = {
			isa = PBXVariantGroup;
			children = (
				9C523E0B2543DC84005D2095 /* Base */,
			);
			name = LaunchScreen.storyboard;
			sourceTree = "<group>";
		};
/* End PBXVariantGroup section */

/* Begin XCBuildConfiguration section */
		9C523E242543DC84005D2095 /* Debug */ = {
			isa = XCBuildConfiguration;
			buildSettings = {
				ALWAYS_SEARCH_USER_PATHS = NO;
				CLANG_ANALYZER_NONNULL = YES;
				CLANG_ANALYZER_NUMBER_OBJECT_CONVERSION = YES_AGGRESSIVE;
				CLANG_CXX_LANGUAGE_STANDARD = "gnu++14";
				CLANG_CXX_LIBRARY = "libc++";
				CLANG_ENABLE_MODULES = YES;
				CLANG_ENABLE_OBJC_ARC = YES;
				CLANG_ENABLE_OBJC_WEAK = YES;
				CLANG_WARN_BLOCK_CAPTURE_AUTORELEASING = YES;
				CLANG_WARN_BOOL_CONVERSION = YES;
				CLANG_WARN_COMMA = YES;
				CLANG_WARN_CONSTANT_CONVERSION = YES;
				CLANG_WARN_DEPRECATED_OBJC_IMPLEMENTATIONS = YES;
				CLANG_WARN_DIRECT_OBJC_ISA_USAGE = YES_ERROR;
				CLANG_WARN_DOCUMENTATION_COMMENTS = YES;
				CLANG_WARN_EMPTY_BODY = YES;
				CLANG_WARN_ENUM_CONVERSION = YES;
				CLANG_WARN_INFINITE_RECURSION = YES;
				CLANG_WARN_INT_CONVERSION = YES;
				CLANG_WARN_NON_LITERAL_NULL_CONVERSION = YES;
				CLANG_WARN_OBJC_IMPLICIT_RETAIN_SELF = YES;
				CLANG_WARN_OBJC_LITERAL_CONVERSION = YES;
				CLANG_WARN_OBJC_ROOT_CLASS = YES_ERROR;
				CLANG_WARN_QUOTED_INCLUDE_IN_FRAMEWORK_HEADER = YES;
				CLANG_WARN_RANGE_LOOP_ANALYSIS = YES;
				CLANG_WARN_STRICT_PROTOTYPES = YES;
				CLANG_WARN_SUSPICIOUS_MOVE = YES;
				CLANG_WARN_UNGUARDED_AVAILABILITY = YES_AGGRESSIVE;
				CLANG_WARN_UNREACHABLE_CODE = YES;
				CLANG_WARN__DUPLICATE_METHOD_MATCH = YES;
				COPY_PHASE_STRIP = NO;
				DEBUG_INFORMATION_FORMAT = dwarf;
				ENABLE_STRICT_OBJC_MSGSEND = YES;
				ENABLE_TESTABILITY = YES;
				GCC_C_LANGUAGE_STANDARD = gnu11;
				GCC_DYNAMIC_NO_PIC = NO;
				GCC_NO_COMMON_BLOCKS = YES;
				GCC_OPTIMIZATION_LEVEL = 0;
				GCC_PREPROCESSOR_DEFINITIONS = (
					"DEBUG=1",
					"$(inherited)",
				);
				GCC_WARN_64_TO_32_BIT_CONVERSION = YES;
				GCC_WARN_ABOUT_RETURN_TYPE = YES_ERROR;
				GCC_WARN_UNDECLARED_SELECTOR = YES;
				GCC_WARN_UNINITIALIZED_AUTOS = YES_AGGRESSIVE;
				GCC_WARN_UNUSED_FUNCTION = YES;
				GCC_WARN_UNUSED_VARIABLE = YES;
				IPHONEOS_DEPLOYMENT_TARGET = 14.0;
				MTL_ENABLE_DEBUG_INFO = INCLUDE_SOURCE;
				MTL_FAST_MATH = YES;
				ONLY_ACTIVE_ARCH = YES;
				SDKROOT = iphoneos;
				SWIFT_ACTIVE_COMPILATION_CONDITIONS = DEBUG;
				SWIFT_OPTIMIZATION_LEVEL = "-Onone";
			};
			name = Debug;
		};
		9C523E252543DC84005D2095 /* Release */ = {
			isa = XCBuildConfiguration;
			buildSettings = {
				ALWAYS_SEARCH_USER_PATHS = NO;
				CLANG_ANALYZER_NONNULL = YES;
				CLANG_ANALYZER_NUMBER_OBJECT_CONVERSION = YES_AGGRESSIVE;
				CLANG_CXX_LANGUAGE_STANDARD = "gnu++14";
				CLANG_CXX_LIBRARY = "libc++";
				CLANG_ENABLE_MODULES = YES;
				CLANG_ENABLE_OBJC_ARC = YES;
				CLANG_ENABLE_OBJC_WEAK = YES;
				CLANG_WARN_BLOCK_CAPTURE_AUTORELEASING = YES;
				CLANG_WARN_BOOL_CONVERSION = YES;
				CLANG_WARN_COMMA = YES;
				CLANG_WARN_CONSTANT_CONVERSION = YES;
				CLANG_WARN_DEPRECATED_OBJC_IMPLEMENTATIONS = YES;
				CLANG_WARN_DIRECT_OBJC_ISA_USAGE = YES_ERROR;
				CLANG_WARN_DOCUMENTATION_COMMENTS = YES;
				CLANG_WARN_EMPTY_BODY = YES;
				CLANG_WARN_ENUM_CONVERSION = YES;
				CLANG_WARN_INFINITE_RECURSION = YES;
				CLANG_WARN_INT_CONVERSION = YES;
				CLANG_WARN_NON_LITERAL_NULL_CONVERSION = YES;
				CLANG_WARN_OBJC_IMPLICIT_RETAIN_SELF = YES;
				CLANG_WARN_OBJC_LITERAL_CONVERSION = YES;
				CLANG_WARN_OBJC_ROOT_CLASS = YES_ERROR;
				CLANG_WARN_QUOTED_INCLUDE_IN_FRAMEWORK_HEADER = YES;
				CLANG_WARN_RANGE_LOOP_ANALYSIS = YES;
				CLANG_WARN_STRICT_PROTOTYPES = YES;
				CLANG_WARN_SUSPICIOUS_MOVE = YES;
				CLANG_WARN_UNGUARDED_AVAILABILITY = YES_AGGRESSIVE;
				CLANG_WARN_UNREACHABLE_CODE = YES;
				CLANG_WARN__DUPLICATE_METHOD_MATCH = YES;
				COPY_PHASE_STRIP = NO;
				DEBUG_INFORMATION_FORMAT = "dwarf-with-dsym";
				ENABLE_NS_ASSERTIONS = NO;
				ENABLE_STRICT_OBJC_MSGSEND = YES;
				GCC_C_LANGUAGE_STANDARD = gnu11;
				GCC_NO_COMMON_BLOCKS = YES;
				GCC_WARN_64_TO_32_BIT_CONVERSION = YES;
				GCC_WARN_ABOUT_RETURN_TYPE = YES_ERROR;
				GCC_WARN_UNDECLARED_SELECTOR = YES;
				GCC_WARN_UNINITIALIZED_AUTOS = YES_AGGRESSIVE;
				GCC_WARN_UNUSED_FUNCTION = YES;
				GCC_WARN_UNUSED_VARIABLE = YES;
				IPHONEOS_DEPLOYMENT_TARGET = 14.0;
				MTL_ENABLE_DEBUG_INFO = NO;
				MTL_FAST_MATH = YES;
				SDKROOT = iphoneos;
				SWIFT_COMPILATION_MODE = wholemodule;
				SWIFT_OPTIMIZATION_LEVEL = "-O";
				VALIDATE_PRODUCT = YES;
			};
			name = Release;
		};
		9C523E272543DC84005D2095 /* Debug */ = {
			isa = XCBuildConfiguration;
			baseConfigurationReference = C0B95FC80CF9EA6B61DA224A /* Pods-ToyRxGithubJobs.debug.xcconfig */;
			buildSettings = {
				ASSETCATALOG_COMPILER_APPICON_NAME = AppIcon;
				ASSETCATALOG_COMPILER_GLOBAL_ACCENT_COLOR_NAME = AccentColor;
				CODE_SIGN_STYLE = Automatic;
				INFOPLIST_FILE = ToyRxGithubJobs/Info.plist;
				LD_RUNPATH_SEARCH_PATHS = (
					"$(inherited)",
					"@executable_path/Frameworks",
				);
				PRODUCT_BUNDLE_IDENTIFIER = com.faizmokhtar.ToyRxGithubJobs;
				PRODUCT_NAME = "$(TARGET_NAME)";
				SWIFT_VERSION = 5.0;
				TARGETED_DEVICE_FAMILY = "1,2";
			};
			name = Debug;
		};
		9C523E282543DC84005D2095 /* Release */ = {
			isa = XCBuildConfiguration;
			baseConfigurationReference = A8240FE0287D22939FD450BA /* Pods-ToyRxGithubJobs.release.xcconfig */;
			buildSettings = {
				ASSETCATALOG_COMPILER_APPICON_NAME = AppIcon;
				ASSETCATALOG_COMPILER_GLOBAL_ACCENT_COLOR_NAME = AccentColor;
				CODE_SIGN_STYLE = Automatic;
				INFOPLIST_FILE = ToyRxGithubJobs/Info.plist;
				LD_RUNPATH_SEARCH_PATHS = (
					"$(inherited)",
					"@executable_path/Frameworks",
				);
				PRODUCT_BUNDLE_IDENTIFIER = com.faizmokhtar.ToyRxGithubJobs;
				PRODUCT_NAME = "$(TARGET_NAME)";
				SWIFT_VERSION = 5.0;
				TARGETED_DEVICE_FAMILY = "1,2";
			};
			name = Release;
		};
		9C523E2A2543DC84005D2095 /* Debug */ = {
			isa = XCBuildConfiguration;
			baseConfigurationReference = 84F99045B5C57CCFA4534534 /* Pods-ToyRxGithubJobsTests.debug.xcconfig */;
			buildSettings = {
				ALWAYS_EMBED_SWIFT_STANDARD_LIBRARIES = YES;
				BUNDLE_LOADER = "$(TEST_HOST)";
				CODE_SIGN_STYLE = Automatic;
				INFOPLIST_FILE = ToyRxGithubJobsTests/Info.plist;
				IPHONEOS_DEPLOYMENT_TARGET = 14.0;
				LD_RUNPATH_SEARCH_PATHS = (
					"$(inherited)",
					"@executable_path/Frameworks",
					"@loader_path/Frameworks",
				);
				PRODUCT_BUNDLE_IDENTIFIER = com.faizmokhtar.ToyRxGithubJobsTests;
				PRODUCT_NAME = "$(TARGET_NAME)";
				SWIFT_VERSION = 5.0;
				TARGETED_DEVICE_FAMILY = "1,2";
				TEST_HOST = "$(BUILT_PRODUCTS_DIR)/ToyRxGithubJobs.app/ToyRxGithubJobs";
			};
			name = Debug;
		};
		9C523E2B2543DC84005D2095 /* Release */ = {
			isa = XCBuildConfiguration;
			baseConfigurationReference = 01FD174F33EFCDC1E2816CE5 /* Pods-ToyRxGithubJobsTests.release.xcconfig */;
			buildSettings = {
				ALWAYS_EMBED_SWIFT_STANDARD_LIBRARIES = YES;
				BUNDLE_LOADER = "$(TEST_HOST)";
				CODE_SIGN_STYLE = Automatic;
				INFOPLIST_FILE = ToyRxGithubJobsTests/Info.plist;
				IPHONEOS_DEPLOYMENT_TARGET = 14.0;
				LD_RUNPATH_SEARCH_PATHS = (
					"$(inherited)",
					"@executable_path/Frameworks",
					"@loader_path/Frameworks",
				);
				PRODUCT_BUNDLE_IDENTIFIER = com.faizmokhtar.ToyRxGithubJobsTests;
				PRODUCT_NAME = "$(TARGET_NAME)";
				SWIFT_VERSION = 5.0;
				TARGETED_DEVICE_FAMILY = "1,2";
				TEST_HOST = "$(BUILT_PRODUCTS_DIR)/ToyRxGithubJobs.app/ToyRxGithubJobs";
			};
			name = Release;
		};
		9C523E2D2543DC84005D2095 /* Debug */ = {
			isa = XCBuildConfiguration;
			baseConfigurationReference = A67F851531B4C8B6BEFE94C6 /* Pods-ToyRxGithubJobs-ToyRxGithubJobsUITests.debug.xcconfig */;
			buildSettings = {
				ALWAYS_EMBED_SWIFT_STANDARD_LIBRARIES = YES;
				CODE_SIGN_STYLE = Automatic;
				INFOPLIST_FILE = ToyRxGithubJobsUITests/Info.plist;
				LD_RUNPATH_SEARCH_PATHS = (
					"$(inherited)",
					"@executable_path/Frameworks",
					"@loader_path/Frameworks",
				);
				PRODUCT_BUNDLE_IDENTIFIER = com.faizmokhtar.ToyRxGithubJobsUITests;
				PRODUCT_NAME = "$(TARGET_NAME)";
				SWIFT_VERSION = 5.0;
				TARGETED_DEVICE_FAMILY = "1,2";
				TEST_TARGET_NAME = ToyRxGithubJobs;
			};
			name = Debug;
		};
		9C523E2E2543DC84005D2095 /* Release */ = {
			isa = XCBuildConfiguration;
			baseConfigurationReference = 14278BE16DFA3C2D7C70548E /* Pods-ToyRxGithubJobs-ToyRxGithubJobsUITests.release.xcconfig */;
			buildSettings = {
				ALWAYS_EMBED_SWIFT_STANDARD_LIBRARIES = YES;
				CODE_SIGN_STYLE = Automatic;
				INFOPLIST_FILE = ToyRxGithubJobsUITests/Info.plist;
				LD_RUNPATH_SEARCH_PATHS = (
					"$(inherited)",
					"@executable_path/Frameworks",
					"@loader_path/Frameworks",
				);
				PRODUCT_BUNDLE_IDENTIFIER = com.faizmokhtar.ToyRxGithubJobsUITests;
				PRODUCT_NAME = "$(TARGET_NAME)";
				SWIFT_VERSION = 5.0;
				TARGETED_DEVICE_FAMILY = "1,2";
				TEST_TARGET_NAME = ToyRxGithubJobs;
			};
			name = Release;
		};
/* End XCBuildConfiguration section */

/* Begin XCConfigurationList section */
		9C523DF72543DC81005D2095 /* Build configuration list for PBXProject "ToyRxGithubJobs" */ = {
			isa = XCConfigurationList;
			buildConfigurations = (
				9C523E242543DC84005D2095 /* Debug */,
				9C523E252543DC84005D2095 /* Release */,
			);
			defaultConfigurationIsVisible = 0;
			defaultConfigurationName = Release;
		};
		9C523E262543DC84005D2095 /* Build configuration list for PBXNativeTarget "ToyRxGithubJobs" */ = {
			isa = XCConfigurationList;
			buildConfigurations = (
				9C523E272543DC84005D2095 /* Debug */,
				9C523E282543DC84005D2095 /* Release */,
			);
			defaultConfigurationIsVisible = 0;
			defaultConfigurationName = Release;
		};
		9C523E292543DC84005D2095 /* Build configuration list for PBXNativeTarget "ToyRxGithubJobsTests" */ = {
			isa = XCConfigurationList;
			buildConfigurations = (
				9C523E2A2543DC84005D2095 /* Debug */,
				9C523E2B2543DC84005D2095 /* Release */,
			);
			defaultConfigurationIsVisible = 0;
			defaultConfigurationName = Release;
		};
		9C523E2C2543DC84005D2095 /* Build configuration list for PBXNativeTarget "ToyRxGithubJobsUITests" */ = {
			isa = XCConfigurationList;
			buildConfigurations = (
				9C523E2D2543DC84005D2095 /* Debug */,
				9C523E2E2543DC84005D2095 /* Release */,
			);
			defaultConfigurationIsVisible = 0;
			defaultConfigurationName = Release;
		};
/* End XCConfigurationList section */
	};
	rootObject = 9C523DF42543DC81005D2095 /* Project object */;
}
